
Microsoft Visual Studio Solution File, Format Version 12.00
# Visual Studio Version 16
VisualStudioVersion = 16.0.30621.155
MinimumVisualStudioVersion = 10.0.40219.1
Project("{9A19103F-16F7-4668-BE54-9A1E7A4F7556}") = "Uppgift 1", "Labbar\Uppgift 1.csproj", "{3E724AF2-7811-467F-A4E5-8DCEC3962CFC}"
EndProject
Project("{9A19103F-16F7-4668-BE54-9A1E7A4F7556}") = "Uppgift 2", "Uppgift 2\Uppgift 2.csproj", "{1E2F3C0C-13BB-430E-A2E6-49D2C98BD7C6}"
EndProject
Project("{9A19103F-16F7-4668-BE54-9A1E7A4F7556}") = "Uppgift tre", "Uppgift tre\Uppgift tre.csproj", "{F5838721-B994-4898-9C7E-0CBF44EAC204}"
EndProject
Project("{9A19103F-16F7-4668-BE54-9A1E7A4F7556}") = "Uppgift 4", "Uppgift 4\Uppgift 4.csproj", "{D4E4636C-2418-4BAC-87BE-78227B08DF6F}"
EndProject
Project("{9A19103F-16F7-4668-BE54-9A1E7A4F7556}") = "Uppgift 5", "Uppgift 5\Uppgift 5.csproj", "{16D43240-FB45-4BA0-9F9C-7CC0BAD6A37A}"
EndProject
Project("{9A19103F-16F7-4668-BE54-9A1E7A4F7556}") = "Uppgift 6", "Uppgift 6\Uppgift 6.csproj", "{6634042F-10AB-486E-B5F9-1E0F1630D270}"
EndProject
Project("{9A19103F-16F7-4668-BE54-9A1E7A4F7556}") = "Uppgift 7", "Uppgift 7\Uppgift 7.csproj", "{00406F4B-CD42-49F4-886E-9CA8692E6D83}"
EndProject
Project("{9A19103F-16F7-4668-BE54-9A1E7A4F7556}") = "Uppgift 8", "Uppgift 8\Uppgift 8.csproj", "{B4D9F550-D52A-4123-AC0C-882AB6B1D7A8}"
EndProject
Project("{9A19103F-16F7-4668-BE54-9A1E7A4F7556}") = "Uppgift 9", "Uppgift 9\Uppgift 9.csproj", "{AC670F37-4CB8-4458-8C36-9E0D38BA7654}"
EndProject
Project("{9A19103F-16F7-4668-BE54-9A1E7A4F7556}") = "Uppgift 10", "Uppgift 10\Uppgift 10.csproj", "{F9ED8AAA-1DAA-4F13-BE38-A1E665469B0F}"
EndProject
Project("{9A19103F-16F7-4668-BE54-9A1E7A4F7556}") = "Uppgift 11", "Uppgift 11\Uppgift 11.csproj", "{5D3A8017-0D22-4534-AAA1-694CBC1198DE}"
EndProject
Project("{9A19103F-16F7-4668-BE54-9A1E7A4F7556}") = "Uppgift12", "Uppgift12\Uppgift12.csproj", "{67BD2409-7186-42F6-AC68-3E236E7ACE26}"
EndProject
Project("{9A19103F-16F7-4668-BE54-9A1E7A4F7556}") = "Uppgift13", "Uppgift13\Uppgift13.csproj", "{4C6D4E7A-0963-465C-8430-A8B5F9179D2D}"
EndProject
Project("{9A19103F-16F7-4668-BE54-9A1E7A4F7556}") = "Uppgift14", "Uppgift14\Uppgift14.csproj", "{0E0047CB-F1D4-4460-9146-8A98EF7270D9}"
EndProject
Project("{FAE04EC0-301F-11D3-BF4B-00C04F79EFBC}") = "Uppgift15", "Uppgift15\Uppgift15.csproj", "{EDB38B60-82E8-4BA6-A637-154CFCBDC8F2}"
EndProject
Global
	GlobalSection(SolutionConfigurationPlatforms) = preSolution
		Debug|Any CPU = Debug|Any CPU
		Release|Any CPU = Release|Any CPU
	EndGlobalSection
	GlobalSection(ProjectConfigurationPlatforms) = postSolution
		{3E724AF2-7811-467F-A4E5-8DCEC3962CFC}.Debug|Any CPU.ActiveCfg = Debug|Any CPU
		{3E724AF2-7811-467F-A4E5-8DCEC3962CFC}.Debug|Any CPU.Build.0 = Debug|Any CPU
		{3E724AF2-7811-467F-A4E5-8DCEC3962CFC}.Release|Any CPU.ActiveCfg = Release|Any CPU
		{3E724AF2-7811-467F-A4E5-8DCEC3962CFC}.Release|Any CPU.Build.0 = Release|Any CPU
		{1E2F3C0C-13BB-430E-A2E6-49D2C98BD7C6}.Debug|Any CPU.ActiveCfg = Debug|Any CPU
		{1E2F3C0C-13BB-430E-A2E6-49D2C98BD7C6}.Debug|Any CPU.Build.0 = Debug|Any CPU
		{1E2F3C0C-13BB-430E-A2E6-49D2C98BD7C6}.Release|Any CPU.ActiveCfg = Release|Any CPU
		{1E2F3C0C-13BB-430E-A2E6-49D2C98BD7C6}.Release|Any CPU.Build.0 = Release|Any CPU
		{F5838721-B994-4898-9C7E-0CBF44EAC204}.Debug|Any CPU.ActiveCfg = Debug|Any CPU
		{F5838721-B994-4898-9C7E-0CBF44EAC204}.Debug|Any CPU.Build.0 = Debug|Any CPU
		{F5838721-B994-4898-9C7E-0CBF44EAC204}.Release|Any CPU.ActiveCfg = Release|Any CPU
		{F5838721-B994-4898-9C7E-0CBF44EAC204}.Release|Any CPU.Build.0 = Release|Any CPU
		{D4E4636C-2418-4BAC-87BE-78227B08DF6F}.Debug|Any CPU.ActiveCfg = Debug|Any CPU
		{D4E4636C-2418-4BAC-87BE-78227B08DF6F}.Debug|Any CPU.Build.0 = Debug|Any CPU
		{D4E4636C-2418-4BAC-87BE-78227B08DF6F}.Release|Any CPU.ActiveCfg = Release|Any CPU
		{D4E4636C-2418-4BAC-87BE-78227B08DF6F}.Release|Any CPU.Build.0 = Release|Any CPU
		{16D43240-FB45-4BA0-9F9C-7CC0BAD6A37A}.Debug|Any CPU.ActiveCfg = Debug|Any CPU
		{16D43240-FB45-4BA0-9F9C-7CC0BAD6A37A}.Debug|Any CPU.Build.0 = Debug|Any CPU
		{16D43240-FB45-4BA0-9F9C-7CC0BAD6A37A}.Release|Any CPU.ActiveCfg = Release|Any CPU
		{16D43240-FB45-4BA0-9F9C-7CC0BAD6A37A}.Release|Any CPU.Build.0 = Release|Any CPU
		{6634042F-10AB-486E-B5F9-1E0F1630D270}.Debug|Any CPU.ActiveCfg = Debug|Any CPU
		{6634042F-10AB-486E-B5F9-1E0F1630D270}.Debug|Any CPU.Build.0 = Debug|Any CPU
		{6634042F-10AB-486E-B5F9-1E0F1630D270}.Release|Any CPU.ActiveCfg = Release|Any CPU
		{6634042F-10AB-486E-B5F9-1E0F1630D270}.Release|Any CPU.Build.0 = Release|Any CPU
		{00406F4B-CD42-49F4-886E-9CA8692E6D83}.Debug|Any CPU.ActiveCfg = Debug|Any CPU
		{00406F4B-CD42-49F4-886E-9CA8692E6D83}.Debug|Any CPU.Build.0 = Debug|Any CPU
		{00406F4B-CD42-49F4-886E-9CA8692E6D83}.Release|Any CPU.ActiveCfg = Release|Any CPU
		{00406F4B-CD42-49F4-886E-9CA8692E6D83}.Release|Any CPU.Build.0 = Release|Any CPU
		{B4D9F550-D52A-4123-AC0C-882AB6B1D7A8}.Debug|Any CPU.ActiveCfg = Debug|Any CPU
		{B4D9F550-D52A-4123-AC0C-882AB6B1D7A8}.Debug|Any CPU.Build.0 = Debug|Any CPU
		{B4D9F550-D52A-4123-AC0C-882AB6B1D7A8}.Release|Any CPU.ActiveCfg = Release|Any CPU
		{B4D9F550-D52A-4123-AC0C-882AB6B1D7A8}.Release|Any CPU.Build.0 = Release|Any CPU
		{AC670F37-4CB8-4458-8C36-9E0D38BA7654}.Debug|Any CPU.ActiveCfg = Debug|Any CPU
		{AC670F37-4CB8-4458-8C36-9E0D38BA7654}.Debug|Any CPU.Build.0 = Debug|Any CPU
		{AC670F37-4CB8-4458-8C36-9E0D38BA7654}.Release|Any CPU.ActiveCfg = Release|Any CPU
		{AC670F37-4CB8-4458-8C36-9E0D38BA7654}.Release|Any CPU.Build.0 = Release|Any CPU
		{F9ED8AAA-1DAA-4F13-BE38-A1E665469B0F}.Debug|Any CPU.ActiveCfg = Debug|Any CPU
		{F9ED8AAA-1DAA-4F13-BE38-A1E665469B0F}.Debug|Any CPU.Build.0 = Debug|Any CPU
		{F9ED8AAA-1DAA-4F13-BE38-A1E665469B0F}.Release|Any CPU.ActiveCfg = Release|Any CPU
		{F9ED8AAA-1DAA-4F13-BE38-A1E665469B0F}.Release|Any CPU.Build.0 = Release|Any CPU
		{5D3A8017-0D22-4534-AAA1-694CBC1198DE}.Debug|Any CPU.ActiveCfg = Debug|Any CPU
		{5D3A8017-0D22-4534-AAA1-694CBC1198DE}.Debug|Any CPU.Build.0 = Debug|Any CPU
		{5D3A8017-0D22-4534-AAA1-694CBC1198DE}.Release|Any CPU.ActiveCfg = Release|Any CPU
		{5D3A8017-0D22-4534-AAA1-694CBC1198DE}.Release|Any CPU.Build.0 = Release|Any CPU
		{67BD2409-7186-42F6-AC68-3E236E7ACE26}.Debug|Any CPU.ActiveCfg = Debug|Any CPU
		{67BD2409-7186-42F6-AC68-3E236E7ACE26}.Debug|Any CPU.Build.0 = Debug|Any CPU
		{67BD2409-7186-42F6-AC68-3E236E7ACE26}.Release|Any CPU.ActiveCfg = Release|Any CPU
		{67BD2409-7186-42F6-AC68-3E236E7ACE26}.Release|Any CPU.Build.0 = Release|Any CPU
		{4C6D4E7A-0963-465C-8430-A8B5F9179D2D}.Debug|Any CPU.ActiveCfg = Debug|Any CPU
		{4C6D4E7A-0963-465C-8430-A8B5F9179D2D}.Debug|Any CPU.Build.0 = Debug|Any CPU
		{4C6D4E7A-0963-465C-8430-A8B5F9179D2D}.Release|Any CPU.ActiveCfg = Release|Any CPU
		{4C6D4E7A-0963-465C-8430-A8B5F9179D2D}.Release|Any CPU.Build.0 = Release|Any CPU
		{0E0047CB-F1D4-4460-9146-8A98EF7270D9}.Debug|Any CPU.ActiveCfg = Debug|Any CPU
		{0E0047CB-F1D4-4460-9146-8A98EF7270D9}.Debug|Any CPU.Build.0 = Debug|Any CPU
		{0E0047CB-F1D4-4460-9146-8A98EF7270D9}.Release|Any CPU.ActiveCfg = Release|Any CPU
		{0E0047CB-F1D4-4460-9146-8A98EF7270D9}.Release|Any CPU.Build.0 = Release|Any CPU
		{EDB38B60-82E8-4BA6-A637-154CFCBDC8F2}.Debug|Any CPU.ActiveCfg = Debug|Any CPU
		{EDB38B60-82E8-4BA6-A637-154CFCBDC8F2}.Debug|Any CPU.Build.0 = Debug|Any CPU
		{EDB38B60-82E8-4BA6-A637-154CFCBDC8F2}.Release|Any CPU.ActiveCfg = Release|Any CPU
		{EDB38B60-82E8-4BA6-A637-154CFCBDC8F2}.Release|Any CPU.Build.0 = Release|Any CPU
	EndGlobalSection
	GlobalSection(SolutionProperties) = preSolution
		HideSolutionNode = FALSE
	EndGlobalSection
	GlobalSection(ExtensibilityGlobals) = postSolution
		SolutionGuid = {0447D46F-4D3D-4CD3-9048-8E45D3613596}
	EndGlobalSection
EndGlobal
