
Microsoft Visual Studio Solution File, Format Version 12.00
# Visual Studio Version 16
VisualStudioVersion = 16.0.30621.155
MinimumVisualStudioVersion = 10.0.40219.1
Project("{9A19103F-16F7-4668-BE54-9A1E7A4F7556}") = "Uppgift 1", "Labbar\Uppgift 1.csproj", "{3E724AF2-7811-467F-A4E5-8DCEC3962CFC}"
EndProject
Project("{FAE04EC0-301F-11D3-BF4B-00C04F79EFBC}") = "Uppgift 2", "Uppgift 2\Uppgift 2.csproj", "{1E2F3C0C-13BB-430E-A2E6-49D2C98BD7C6}"
EndProject
Project("{FAE04EC0-301F-11D3-BF4B-00C04F79EFBC}") = "Uppgift 3", "Uppgift 3\Uppgift 3.csproj", "{8E687C51-DF3C-46E1-9943-AFDED1A5A3D5}"
EndProject
Global
	GlobalSection(SolutionConfigurationPlatforms) = preSolution
		Debug|Any CPU = Debug|Any CPU
		Release|Any CPU = Release|Any CPU
	EndGlobalSection
	GlobalSection(ProjectConfigurationPlatforms) = postSolution
		{3E724AF2-7811-467F-A4E5-8DCEC3962CFC}.Debug|Any CPU.ActiveCfg = Debug|Any CPU
		{3E724AF2-7811-467F-A4E5-8DCEC3962CFC}.Debug|Any CPU.Build.0 = Debug|Any CPU
		{3E724AF2-7811-467F-A4E5-8DCEC3962CFC}.Release|Any CPU.ActiveCfg = Release|Any CPU
		{3E724AF2-7811-467F-A4E5-8DCEC3962CFC}.Release|Any CPU.Build.0 = Release|Any CPU
		{1E2F3C0C-13BB-430E-A2E6-49D2C98BD7C6}.Debug|Any CPU.ActiveCfg = Debug|Any CPU
		{1E2F3C0C-13BB-430E-A2E6-49D2C98BD7C6}.Debug|Any CPU.Build.0 = Debug|Any CPU
		{1E2F3C0C-13BB-430E-A2E6-49D2C98BD7C6}.Release|Any CPU.ActiveCfg = Release|Any CPU
		{1E2F3C0C-13BB-430E-A2E6-49D2C98BD7C6}.Release|Any CPU.Build.0 = Release|Any CPU
		{8E687C51-DF3C-46E1-9943-AFDED1A5A3D5}.Debug|Any CPU.ActiveCfg = Debug|Any CPU
		{8E687C51-DF3C-46E1-9943-AFDED1A5A3D5}.Debug|Any CPU.Build.0 = Debug|Any CPU
		{8E687C51-DF3C-46E1-9943-AFDED1A5A3D5}.Release|Any CPU.ActiveCfg = Release|Any CPU
		{8E687C51-DF3C-46E1-9943-AFDED1A5A3D5}.Release|Any CPU.Build.0 = Release|Any CPU
	EndGlobalSection
	GlobalSection(SolutionProperties) = preSolution
		HideSolutionNode = FALSE
	EndGlobalSection
	GlobalSection(ExtensibilityGlobals) = postSolution
		SolutionGuid = {0447D46F-4D3D-4CD3-9048-8E45D3613596}
	EndGlobalSection
EndGlobal
